// !$*UTF8*$!
{
	archiveVersion = 1;
	classes = {
	};
	objectVersion = 46;
	objects = {

/* Begin PBXBuildFile section */
		48739A6B1CDA2655009A68C6 /* AppDelegate.swift in Sources */ = {isa = PBXBuildFile; fileRef = 48739A6A1CDA2655009A68C6 /* AppDelegate.swift */; };
		48739A6D1CDA2656009A68C6 /* MasterViewController.swift in Sources */ = {isa = PBXBuildFile; fileRef = 48739A6C1CDA2656009A68C6 /* MasterViewController.swift */; };
		48739A6F1CDA2656009A68C6 /* DetailViewController.swift in Sources */ = {isa = PBXBuildFile; fileRef = 48739A6E1CDA2656009A68C6 /* DetailViewController.swift */; };
		48739A721CDA2656009A68C6 /* Main.storyboard in Resources */ = {isa = PBXBuildFile; fileRef = 48739A701CDA2656009A68C6 /* Main.storyboard */; };
		48739A741CDA2656009A68C6 /* Assets.xcassets in Resources */ = {isa = PBXBuildFile; fileRef = 48739A731CDA2656009A68C6 /* Assets.xcassets */; };
		48739A771CDA2656009A68C6 /* LaunchScreen.storyboard in Resources */ = {isa = PBXBuildFile; fileRef = 48739A751CDA2656009A68C6 /* LaunchScreen.storyboard */; };
		48739A821CDA2657009A68C6 /* MelodySmart2_Sample_AppTests.swift in Sources */ = {isa = PBXBuildFile; fileRef = 48739A811CDA2657009A68C6 /* MelodySmart2_Sample_AppTests.swift */; };
/* End PBXBuildFile section */

/* Begin PBXContainerItemProxy section */
		48739A7E1CDA2657009A68C6 /* PBXContainerItemProxy */ = {
			isa = PBXContainerItemProxy;
			containerPortal = 48739A5F1CDA2655009A68C6 /* Project object */;
			proxyType = 1;
			remoteGlobalIDString = 48739A661CDA2655009A68C6;
			remoteInfo = "MelodySmart2 Sample App";
		};
/* End PBXContainerItemProxy section */

/* Begin PBXFileReference section */
		48739A671CDA2655009A68C6 /* MelodySmart2 Sample App.app */ = {isa = PBXFileReference; explicitFileType = wrapper.application; includeInIndex = 0; path = "MelodySmart2 Sample App.app"; sourceTree = BUILT_PRODUCTS_DIR; };
		48739A6A1CDA2655009A68C6 /* AppDelegate.swift */ = {isa = PBXFileReference; lastKnownFileType = sourcecode.swift; path = AppDelegate.swift; sourceTree = "<group>"; };
		48739A6C1CDA2656009A68C6 /* MasterViewController.swift */ = {isa = PBXFileReference; lastKnownFileType = sourcecode.swift; path = MasterViewController.swift; sourceTree = "<group>"; };
		48739A6E1CDA2656009A68C6 /* DetailViewController.swift */ = {isa = PBXFileReference; lastKnownFileType = sourcecode.swift; path = DetailViewController.swift; sourceTree = "<group>"; };
		48739A711CDA2656009A68C6 /* Base */ = {isa = PBXFileReference; lastKnownFileType = file.storyboard; name = Base; path = Base.lproj/Main.storyboard; sourceTree = "<group>"; };
		48739A731CDA2656009A68C6 /* Assets.xcassets */ = {isa = PBXFileReference; lastKnownFileType = folder.assetcatalog; path = Assets.xcassets; sourceTree = "<group>"; };
		48739A761CDA2656009A68C6 /* Base */ = {isa = PBXFileReference; lastKnownFileType = file.storyboard; name = Base; path = Base.lproj/LaunchScreen.storyboard; sourceTree = "<group>"; };
		48739A781CDA2656009A68C6 /* Info.plist */ = {isa = PBXFileReference; lastKnownFileType = text.plist.xml; path = Info.plist; sourceTree = "<group>"; };
		48739A7D1CDA2657009A68C6 /* MelodySmart2 Sample AppTests.xctest */ = {isa = PBXFileReference; explicitFileType = wrapper.cfbundle; includeInIndex = 0; path = "MelodySmart2 Sample AppTests.xctest"; sourceTree = BUILT_PRODUCTS_DIR; };
		48739A811CDA2657009A68C6 /* MelodySmart2_Sample_AppTests.swift */ = {isa = PBXFileReference; lastKnownFileType = sourcecode.swift; path = MelodySmart2_Sample_AppTests.swift; sourceTree = "<group>"; };
		48739A831CDA2657009A68C6 /* Info.plist */ = {isa = PBXFileReference; lastKnownFileType = text.plist.xml; path = Info.plist; sourceTree = "<group>"; };
/* End PBXFileReference section */

/* Begin PBXFrameworksBuildPhase section */
		48739A641CDA2655009A68C6 /* Frameworks */ = {
			isa = PBXFrameworksBuildPhase;
			buildActionMask = 2147483647;
			files = (
			);
			runOnlyForDeploymentPostprocessing = 0;
		};
		48739A7A1CDA2657009A68C6 /* Frameworks */ = {
			isa = PBXFrameworksBuildPhase;
			buildActionMask = 2147483647;
			files = (
			);
			runOnlyForDeploymentPostprocessing = 0;
		};
/* End PBXFrameworksBuildPhase section */

/* Begin PBXGroup section */
		48739A5E1CDA2655009A68C6 = {
			isa = PBXGroup;
			children = (
				48739A691CDA2655009A68C6 /* MelodySmart2 Sample App */,
				48739A801CDA2657009A68C6 /* MelodySmart2 Sample AppTests */,
				48739A681CDA2655009A68C6 /* Products */,
			);
			sourceTree = "<group>";
		};
		48739A681CDA2655009A68C6 /* Products */ = {
			isa = PBXGroup;
			children = (
				48739A671CDA2655009A68C6 /* MelodySmart2 Sample App.app */,
				48739A7D1CDA2657009A68C6 /* MelodySmart2 Sample AppTests.xctest */,
			);
			name = Products;
			sourceTree = "<group>";
		};
		48739A691CDA2655009A68C6 /* MelodySmart2 Sample App */ = {
			isa = PBXGroup;
			children = (
				48739A6A1CDA2655009A68C6 /* AppDelegate.swift */,
				48739A6C1CDA2656009A68C6 /* MasterViewController.swift */,
				48739A6E1CDA2656009A68C6 /* DetailViewController.swift */,
				48739A701CDA2656009A68C6 /* Main.storyboard */,
				48739A731CDA2656009A68C6 /* Assets.xcassets */,
				48739A751CDA2656009A68C6 /* LaunchScreen.storyboard */,
				48739A781CDA2656009A68C6 /* Info.plist */,
			);
			path = "MelodySmart2 Sample App";
			sourceTree = "<group>";
		};
		48739A801CDA2657009A68C6 /* MelodySmart2 Sample AppTests */ = {
			isa = PBXGroup;
			children = (
				48739A811CDA2657009A68C6 /* MelodySmart2_Sample_AppTests.swift */,
				48739A831CDA2657009A68C6 /* Info.plist */,
			);
			path = "MelodySmart2 Sample AppTests";
			sourceTree = "<group>";
		};
/* End PBXGroup section */

/* Begin PBXNativeTarget section */
		48739A661CDA2655009A68C6 /* MelodySmart2 Sample App */ = {
			isa = PBXNativeTarget;
			buildConfigurationList = 48739A861CDA2657009A68C6 /* Build configuration list for PBXNativeTarget "MelodySmart2 Sample App" */;
			buildPhases = (
				48739A631CDA2655009A68C6 /* Sources */,
				48739A641CDA2655009A68C6 /* Frameworks */,
				48739A651CDA2655009A68C6 /* Resources */,
			);
			buildRules = (
			);
			dependencies = (
			);
			name = "MelodySmart2 Sample App";
			productName = "MelodySmart2 Sample App";
			productReference = 48739A671CDA2655009A68C6 /* MelodySmart2 Sample App.app */;
			productType = "com.apple.product-type.application";
		};
		48739A7C1CDA2657009A68C6 /* MelodySmart2 Sample AppTests */ = {
			isa = PBXNativeTarget;
			buildConfigurationList = 48739A891CDA2657009A68C6 /* Build configuration list for PBXNativeTarget "MelodySmart2 Sample AppTests" */;
			buildPhases = (
				48739A791CDA2657009A68C6 /* Sources */,
				48739A7A1CDA2657009A68C6 /* Frameworks */,
				48739A7B1CDA2657009A68C6 /* Resources */,
			);
			buildRules = (
			);
			dependencies = (
				48739A7F1CDA2657009A68C6 /* PBXTargetDependency */,
			);
			name = "MelodySmart2 Sample AppTests";
			productName = "MelodySmart2 Sample AppTests";
			productReference = 48739A7D1CDA2657009A68C6 /* MelodySmart2 Sample AppTests.xctest */;
			productType = "com.apple.product-type.bundle.unit-test";
		};
/* End PBXNativeTarget section */

/* Begin PBXProject section */
		48739A5F1CDA2655009A68C6 /* Project object */ = {
			isa = PBXProject;
			attributes = {
				LastSwiftUpdateCheck = 0730;
				LastUpgradeCheck = 0730;
				ORGANIZATIONNAME = BlueCreation;
				TargetAttributes = {
					48739A661CDA2655009A68C6 = {
						CreatedOnToolsVersion = 7.3;
					};
					48739A7C1CDA2657009A68C6 = {
						CreatedOnToolsVersion = 7.3;
						TestTargetID = 48739A661CDA2655009A68C6;
					};
				};
			};
			buildConfigurationList = 48739A621CDA2655009A68C6 /* Build configuration list for PBXProject "MelodySmart2 Sample App" */;
			compatibilityVersion = "Xcode 3.2";
			developmentRegion = English;
			hasScannedForEncodings = 0;
			knownRegions = (
				en,
				Base,
			);
			mainGroup = 48739A5E1CDA2655009A68C6;
			productRefGroup = 48739A681CDA2655009A68C6 /* Products */;
			projectDirPath = "";
			projectRoot = "";
			targets = (
				48739A661CDA2655009A68C6 /* MelodySmart2 Sample App */,
				48739A7C1CDA2657009A68C6 /* MelodySmart2 Sample AppTests */,
			);
		};
/* End PBXProject section */

/* Begin PBXResourcesBuildPhase section */
		48739A651CDA2655009A68C6 /* Resources */ = {
			isa = PBXResourcesBuildPhase;
			buildActionMask = 2147483647;
			files = (
				48739A771CDA2656009A68C6 /* LaunchScreen.storyboard in Resources */,
				48739A741CDA2656009A68C6 /* Assets.xcassets in Resources */,
				48739A721CDA2656009A68C6 /* Main.storyboard in Resources */,
			);
			runOnlyForDeploymentPostprocessing = 0;
		};
		48739A7B1CDA2657009A68C6 /* Resources */ = {
			isa = PBXResourcesBuildPhase;
			buildActionMask = 2147483647;
			files = (
			);
			runOnlyForDeploymentPostprocessing = 0;
		};
/* End PBXResourcesBuildPhase section */

/* Begin PBXSourcesBuildPhase section */
		48739A631CDA2655009A68C6 /* Sources */ = {
			isa = PBXSourcesBuildPhase;
			buildActionMask = 2147483647;
			files = (
				48739A6F1CDA2656009A68C6 /* DetailViewController.swift in Sources */,
				48739A6D1CDA2656009A68C6 /* MasterViewController.swift in Sources */,
				48739A6B1CDA2655009A68C6 /* AppDelegate.swift in Sources */,
			);
			runOnlyForDeploymentPostprocessing = 0;
		};
		48739A791CDA2657009A68C6 /* Sources */ = {
			isa = PBXSourcesBuildPhase;
			buildActionMask = 2147483647;
			files = (
				48739A821CDA2657009A68C6 /* MelodySmart2_Sample_AppTests.swift in Sources */,
			);
			runOnlyForDeploymentPostprocessing = 0;
		};
/* End PBXSourcesBuildPhase section */

/* Begin PBXTargetDependency section */
		48739A7F1CDA2657009A68C6 /* PBXTargetDependency */ = {
			isa = PBXTargetDependency;
			target = 48739A661CDA2655009A68C6 /* MelodySmart2 Sample App */;
			targetProxy = 48739A7E1CDA2657009A68C6 /* PBXContainerItemProxy */;
		};
/* End PBXTargetDependency section */

/* Begin PBXVariantGroup section */
		48739A701CDA2656009A68C6 /* Main.storyboard */ = {
			isa = PBXVariantGroup;
			children = (
				48739A711CDA2656009A68C6 /* Base */,
			);
			name = Main.storyboard;
			sourceTree = "<group>";
		};
		48739A751CDA2656009A68C6 /* LaunchScreen.storyboard */ = {
			isa = PBXVariantGroup;
			children = (
				48739A761CDA2656009A68C6 /* Base */,
			);
			name = LaunchScreen.storyboard;
			sourceTree = "<group>";
		};
/* End PBXVariantGroup section */

/* Begin XCBuildConfiguration section */
		48739A841CDA2657009A68C6 /* Debug */ = {
			isa = XCBuildConfiguration;
			buildSettings = {
				ALWAYS_SEARCH_USER_PATHS = NO;
				CLANG_ANALYZER_NONNULL = YES;
				CLANG_CXX_LANGUAGE_STANDARD = "gnu++0x";
				CLANG_CXX_LIBRARY = "libc++";
				CLANG_ENABLE_MODULES = YES;
				CLANG_ENABLE_OBJC_ARC = YES;
				CLANG_WARN_BOOL_CONVERSION = YES;
				CLANG_WARN_CONSTANT_CONVERSION = YES;
				CLANG_WARN_DIRECT_OBJC_ISA_USAGE = YES_ERROR;
				CLANG_WARN_EMPTY_BODY = YES;
				CLANG_WARN_ENUM_CONVERSION = YES;
				CLANG_WARN_INT_CONVERSION = YES;
				CLANG_WARN_OBJC_ROOT_CLASS = YES_ERROR;
				CLANG_WARN_UNREACHABLE_CODE = YES;
				CLANG_WARN__DUPLICATE_METHOD_MATCH = YES;
				"CODE_SIGN_IDENTITY[sdk=iphoneos*]" = "iPhone Developer";
				COPY_PHASE_STRIP = NO;
				DEBUG_INFORMATION_FORMAT = dwarf;
				ENABLE_STRICT_OBJC_MSGSEND = YES;
				ENABLE_TESTABILITY = YES;
				GCC_C_LANGUAGE_STANDARD = gnu99;
				GCC_DYNAMIC_NO_PIC = NO;
				GCC_NO_COMMON_BLOCKS = YES;
				GCC_OPTIMIZATION_LEVEL = 0;
				GCC_PREPROCESSOR_DEFINITIONS = (
					"DEBUG=1",
					"$(inherited)",
				);
				GCC_WARN_64_TO_32_BIT_CONVERSION = YES;
				GCC_WARN_ABOUT_RETURN_TYPE = YES_ERROR;
				GCC_WARN_UNDECLARED_SELECTOR = YES;
				GCC_WARN_UNINITIALIZED_AUTOS = YES_AGGRESSIVE;
				GCC_WARN_UNUSED_FUNCTION = YES;
				GCC_WARN_UNUSED_VARIABLE = YES;
				IPHONEOS_DEPLOYMENT_TARGET = 9.3;
				MTL_ENABLE_DEBUG_INFO = YES;
				ONLY_ACTIVE_ARCH = YES;
				SDKROOT = iphoneos;
				SWIFT_OPTIMIZATION_LEVEL = "-Onone";
			};
			name = Debug;
		};
		48739A851CDA2657009A68C6 /* Release */ = {
			isa = XCBuildConfiguration;
			buildSettings = {
				ALWAYS_SEARCH_USER_PATHS = NO;
				CLANG_ANALYZER_NONNULL = YES;
				CLANG_CXX_LANGUAGE_STANDARD = "gnu++0x";
				CLANG_CXX_LIBRARY = "libc++";
				CLANG_ENABLE_MODULES = YES;
				CLANG_ENABLE_OBJC_ARC = YES;
				CLANG_WARN_BOOL_CONVERSION = YES;
				CLANG_WARN_CONSTANT_CONVERSION = YES;
				CLANG_WARN_DIRECT_OBJC_ISA_USAGE = YES_ERROR;
				CLANG_WARN_EMPTY_BODY = YES;
				CLANG_WARN_ENUM_CONVERSION = YES;
				CLANG_WARN_INT_CONVERSION = YES;
				CLANG_WARN_OBJC_ROOT_CLASS = YES_ERROR;
				CLANG_WARN_UNREACHABLE_CODE = YES;
				CLANG_WARN__DUPLICATE_METHOD_MATCH = YES;
				"CODE_SIGN_IDENTITY[sdk=iphoneos*]" = "iPhone Developer";
				COPY_PHASE_STRIP = NO;
				DEBUG_INFORMATION_FORMAT = "dwarf-with-dsym";
				ENABLE_NS_ASSERTIONS = NO;
				ENABLE_STRICT_OBJC_MSGSEND = YES;
				GCC_C_LANGUAGE_STANDARD = gnu99;
				GCC_NO_COMMON_BLOCKS = YES;
				GCC_WARN_64_TO_32_BIT_CONVERSION = YES;
				GCC_WARN_ABOUT_RETURN_TYPE = YES_ERROR;
				GCC_WARN_UNDECLARED_SELECTOR = YES;
				GCC_WARN_UNINITIALIZED_AUTOS = YES_AGGRESSIVE;
				GCC_WARN_UNUSED_FUNCTION = YES;
				GCC_WARN_UNUSED_VARIABLE = YES;
				IPHONEOS_DEPLOYMENT_TARGET = 9.3;
				MTL_ENABLE_DEBUG_INFO = NO;
				SDKROOT = iphoneos;
				VALIDATE_PRODUCT = YES;
			};
			name = Release;
		};
		48739A871CDA2657009A68C6 /* Debug */ = {
			isa = XCBuildConfiguration;
			buildSettings = {
				ASSETCATALOG_COMPILER_APPICON_NAME = AppIcon;
				INFOPLIST_FILE = "MelodySmart2 Sample App/Info.plist";
				LD_RUNPATH_SEARCH_PATHS = "$(inherited) @executable_path/Frameworks";
				PRODUCT_BUNDLE_IDENTIFIER = "com.bluecreation.MelodySmart2-Sample-App";
				PRODUCT_NAME = "$(TARGET_NAME)";
			};
			name = Debug;
		};
		48739A881CDA2657009A68C6 /* Release */ = {
			isa = XCBuildConfiguration;
			buildSettings = {
				ASSETCATALOG_COMPILER_APPICON_NAME = AppIcon;
				INFOPLIST_FILE = "MelodySmart2 Sample App/Info.plist";
				LD_RUNPATH_SEARCH_PATHS = "$(inherited) @executable_path/Frameworks";
				PRODUCT_BUNDLE_IDENTIFIER = "com.bluecreation.MelodySmart2-Sample-App";
				PRODUCT_NAME = "$(TARGET_NAME)";
			};
			name = Release;
		};
		48739A8A1CDA2657009A68C6 /* Debug */ = {
			isa = XCBuildConfiguration;
			buildSettings = {
				BUNDLE_LOADER = "$(TEST_HOST)";
				INFOPLIST_FILE = "MelodySmart2 Sample AppTests/Info.plist";
				LD_RUNPATH_SEARCH_PATHS = "$(inherited) @executable_path/Frameworks @loader_path/Frameworks";
				PRODUCT_BUNDLE_IDENTIFIER = "com.bluecreation.MelodySmart2-Sample-AppTests";
				PRODUCT_NAME = "$(TARGET_NAME)";
				TEST_HOST = "$(BUILT_PRODUCTS_DIR)/MelodySmart2 Sample App.app/MelodySmart2 Sample App";
			};
			name = Debug;
		};
		48739A8B1CDA2657009A68C6 /* Release */ = {
			isa = XCBuildConfiguration;
			buildSettings = {
				BUNDLE_LOADER = "$(TEST_HOST)";
				INFOPLIST_FILE = "MelodySmart2 Sample AppTests/Info.plist";
				LD_RUNPATH_SEARCH_PATHS = "$(inherited) @executable_path/Frameworks @loader_path/Frameworks";
				PRODUCT_BUNDLE_IDENTIFIER = "com.bluecreation.MelodySmart2-Sample-AppTests";
				PRODUCT_NAME = "$(TARGET_NAME)";
				TEST_HOST = "$(BUILT_PRODUCTS_DIR)/MelodySmart2 Sample App.app/MelodySmart2 Sample App";
			};
			name = Release;
		};
/* End XCBuildConfiguration section */

/* Begin XCConfigurationList section */
		48739A621CDA2655009A68C6 /* Build configuration list for PBXProject "MelodySmart2 Sample App" */ = {
			isa = XCConfigurationList;
			buildConfigurations = (
				48739A841CDA2657009A68C6 /* Debug */,
				48739A851CDA2657009A68C6 /* Release */,
			);
			defaultConfigurationIsVisible = 0;
			defaultConfigurationName = Release;
		};
		48739A861CDA2657009A68C6 /* Build configuration list for PBXNativeTarget "MelodySmart2 Sample App" */ = {
			isa = XCConfigurationList;
			buildConfigurations = (
				48739A871CDA2657009A68C6 /* Debug */,
				48739A881CDA2657009A68C6 /* Release */,
			);
			defaultConfigurationIsVisible = 0;
		};
		48739A891CDA2657009A68C6 /* Build configuration list for PBXNativeTarget "MelodySmart2 Sample AppTests" */ = {
			isa = XCConfigurationList;
			buildConfigurations = (
				48739A8A1CDA2657009A68C6 /* Debug */,
				48739A8B1CDA2657009A68C6 /* Release */,
			);
			defaultConfigurationIsVisible = 0;
		};
/* End XCConfigurationList section */
	};
	rootObject = 48739A5F1CDA2655009A68C6 /* Project object */;
}
