// !$*UTF8*$!
{
	archiveVersion = 1;
	classes = {
	};
	objectVersion = 46;
	objects = {

/* Begin PBXBuildFile section */
		483FF6A41CDCECC4005B3F76 /* I2cCommandsViewController.swift in Sources */ = {isa = PBXBuildFile; fileRef = 483FF6A01CDCECC4005B3F76 /* I2cCommandsViewController.swift */; };
		483FF6A71CDCECC4005B3F76 /* RemoteCommandsViewController.swift in Sources */ = {isa = PBXBuildFile; fileRef = 483FF6A31CDCECC4005B3F76 /* RemoteCommandsViewController.swift */; };
		483FF6AA1CE21286005B3F76 /* OtauImageSelectionTableViewController.swift in Sources */ = {isa = PBXBuildFile; fileRef = 483FF6A81CE21286005B3F76 /* OtauImageSelectionTableViewController.swift */; };
		483FF6AB1CE21286005B3F76 /* OtauViewController.swift in Sources */ = {isa = PBXBuildFile; fileRef = 483FF6A91CE21286005B3F76 /* OtauViewController.swift */; };
		48739A6B1CDA2655009A68C6 /* AppDelegate.swift in Sources */ = {isa = PBXBuildFile; fileRef = 48739A6A1CDA2655009A68C6 /* AppDelegate.swift */; };
		48739A6D1CDA2656009A68C6 /* DeviceListController.swift in Sources */ = {isa = PBXBuildFile; fileRef = 48739A6C1CDA2656009A68C6 /* DeviceListController.swift */; };
		48739A6F1CDA2656009A68C6 /* DeviceViewController.swift in Sources */ = {isa = PBXBuildFile; fileRef = 48739A6E1CDA2656009A68C6 /* DeviceViewController.swift */; };
		48739A721CDA2656009A68C6 /* Main.storyboard in Resources */ = {isa = PBXBuildFile; fileRef = 48739A701CDA2656009A68C6 /* Main.storyboard */; };
		48739A741CDA2656009A68C6 /* Assets.xcassets in Resources */ = {isa = PBXBuildFile; fileRef = 48739A731CDA2656009A68C6 /* Assets.xcassets */; };
		48739A771CDA2656009A68C6 /* LaunchScreen.storyboard in Resources */ = {isa = PBXBuildFile; fileRef = 48739A751CDA2656009A68C6 /* LaunchScreen.storyboard */; };
		48739A821CDA2657009A68C6 /* MelodySmartKit_Sample_AppTests.swift in Sources */ = {isa = PBXBuildFile; fileRef = 48739A811CDA2657009A68C6 /* MelodySmartKit_Sample_AppTests.swift */; };
		48F364A11CE62E3000B5C560 /* MelodySmartListenerExtensions.swift in Sources */ = {isa = PBXBuildFile; fileRef = 48F364A01CE62E3000B5C560 /* MelodySmartListenerExtensions.swift */; };
		8A5097871D79105700F71831 /* Chronos.framework in Frameworks */ = {isa = PBXBuildFile; fileRef = 8A5097851D79105700F71831 /* Chronos.framework */; };
		8A5097881D79105700F71831 /* SwiftCSV.framework in Frameworks */ = {isa = PBXBuildFile; fileRef = 8A5097861D79105700F71831 /* SwiftCSV.framework */; };
		8A50978B1D79143400F71831 /* sample.csv in Resources */ = {isa = PBXBuildFile; fileRef = 8A50978A1D79143400F71831 /* sample.csv */; };
		8A50978D1D797A9100F71831 /* sample2.csv in Resources */ = {isa = PBXBuildFile; fileRef = 8A50978C1D797A9100F71831 /* sample2.csv */; };
		8A8B85841D78696A00317142 /* SwiftString.framework in Frameworks */ = {isa = PBXBuildFile; fileRef = 8A8B85831D78696A00317142 /* SwiftString.framework */; };
		8AA866E01D77C7270088667B /* MelodySmartKit.framework in Frameworks */ = {isa = PBXBuildFile; fileRef = 8AA866DF1D77C7270088667B /* MelodySmartKit.framework */; };
		8AA866E31D77DF7B0088667B /* SwiftWebSocket.framework in Frameworks */ = {isa = PBXBuildFile; fileRef = 8AA866E21D77DF7B0088667B /* SwiftWebSocket.framework */; };
		8AA866E51D77E3350088667B /* Starscream.framework in Frameworks */ = {isa = PBXBuildFile; fileRef = 8AA866E41D77E3340088667B /* Starscream.framework */; };
/* End PBXBuildFile section */

/* Begin PBXContainerItemProxy section */
		48739A7E1CDA2657009A68C6 /* PBXContainerItemProxy */ = {
			isa = PBXContainerItemProxy;
			containerPortal = 48739A5F1CDA2655009A68C6 /* Project object */;
			proxyType = 1;
			remoteGlobalIDString = 48739A661CDA2655009A68C6;
			remoteInfo = "MelodySmart2 Sample App";
		};
/* End PBXContainerItemProxy section */

/* Begin PBXFileReference section */
		483FF6A01CDCECC4005B3F76 /* I2cCommandsViewController.swift */ = {isa = PBXFileReference; fileEncoding = 4; lastKnownFileType = sourcecode.swift; path = I2cCommandsViewController.swift; sourceTree = "<group>"; };
		483FF6A31CDCECC4005B3F76 /* RemoteCommandsViewController.swift */ = {isa = PBXFileReference; fileEncoding = 4; lastKnownFileType = sourcecode.swift; path = RemoteCommandsViewController.swift; sourceTree = "<group>"; };
		483FF6A81CE21286005B3F76 /* OtauImageSelectionTableViewController.swift */ = {isa = PBXFileReference; fileEncoding = 4; lastKnownFileType = sourcecode.swift; path = OtauImageSelectionTableViewController.swift; sourceTree = "<group>"; };
		483FF6A91CE21286005B3F76 /* OtauViewController.swift */ = {isa = PBXFileReference; fileEncoding = 4; lastKnownFileType = sourcecode.swift; path = OtauViewController.swift; sourceTree = "<group>"; };
		48739A671CDA2655009A68C6 /* MelodySmartKit Sample App.app */ = {isa = PBXFileReference; explicitFileType = wrapper.application; includeInIndex = 0; path = "MelodySmartKit Sample App.app"; sourceTree = BUILT_PRODUCTS_DIR; };
		48739A6A1CDA2655009A68C6 /* AppDelegate.swift */ = {isa = PBXFileReference; lastKnownFileType = sourcecode.swift; path = AppDelegate.swift; sourceTree = "<group>"; };
		48739A6C1CDA2656009A68C6 /* DeviceListController.swift */ = {isa = PBXFileReference; lastKnownFileType = sourcecode.swift; path = DeviceListController.swift; sourceTree = "<group>"; };
		48739A6E1CDA2656009A68C6 /* DeviceViewController.swift */ = {isa = PBXFileReference; lastKnownFileType = sourcecode.swift; path = DeviceViewController.swift; sourceTree = "<group>"; };
		48739A711CDA2656009A68C6 /* Base */ = {isa = PBXFileReference; lastKnownFileType = file.storyboard; name = Base; path = Base.lproj/Main.storyboard; sourceTree = "<group>"; };
		48739A731CDA2656009A68C6 /* Assets.xcassets */ = {isa = PBXFileReference; lastKnownFileType = folder.assetcatalog; path = Assets.xcassets; sourceTree = "<group>"; };
		48739A761CDA2656009A68C6 /* Base */ = {isa = PBXFileReference; lastKnownFileType = file.storyboard; name = Base; path = Base.lproj/LaunchScreen.storyboard; sourceTree = "<group>"; };
		48739A781CDA2656009A68C6 /* Info.plist */ = {isa = PBXFileReference; lastKnownFileType = text.plist.xml; path = Info.plist; sourceTree = "<group>"; };
		48739A7D1CDA2657009A68C6 /* MelodySmartKit Sample App.xctest */ = {isa = PBXFileReference; explicitFileType = wrapper.cfbundle; includeInIndex = 0; path = "MelodySmartKit Sample App.xctest"; sourceTree = BUILT_PRODUCTS_DIR; };
		48739A811CDA2657009A68C6 /* MelodySmartKit_Sample_AppTests.swift */ = {isa = PBXFileReference; lastKnownFileType = sourcecode.swift; path = MelodySmartKit_Sample_AppTests.swift; sourceTree = "<group>"; };
		48739A831CDA2657009A68C6 /* Info.plist */ = {isa = PBXFileReference; lastKnownFileType = text.plist.xml; path = Info.plist; sourceTree = "<group>"; };
		48F364A01CE62E3000B5C560 /* MelodySmartListenerExtensions.swift */ = {isa = PBXFileReference; fileEncoding = 4; lastKnownFileType = sourcecode.swift; path = MelodySmartListenerExtensions.swift; sourceTree = "<group>"; };
		8A5097811D79104300F71831 /* Chronos.framework.dSYM */ = {isa = PBXFileReference; lastKnownFileType = wrapper.dsym; name = Chronos.framework.dSYM; path = Carthage/Build/iOS/Chronos.framework.dSYM; sourceTree = "<group>"; };
		8A5097831D79104600F71831 /* SwiftCSV.framework.dSYM */ = {isa = PBXFileReference; lastKnownFileType = wrapper.dsym; name = SwiftCSV.framework.dSYM; path = Carthage/Build/iOS/SwiftCSV.framework.dSYM; sourceTree = "<group>"; };
		8A5097851D79105700F71831 /* Chronos.framework */ = {isa = PBXFileReference; lastKnownFileType = wrapper.framework; name = Chronos.framework; path = Carthage/Build/iOS/Chronos.framework; sourceTree = "<group>"; };
		8A5097861D79105700F71831 /* SwiftCSV.framework */ = {isa = PBXFileReference; lastKnownFileType = wrapper.framework; name = SwiftCSV.framework; path = Carthage/Build/iOS/SwiftCSV.framework; sourceTree = "<group>"; };
		8A50978A1D79143400F71831 /* sample.csv */ = {isa = PBXFileReference; fileEncoding = 4; lastKnownFileType = text; path = sample.csv; sourceTree = "<group>"; };
		8A50978C1D797A9100F71831 /* sample2.csv */ = {isa = PBXFileReference; fileEncoding = 4; lastKnownFileType = text; path = sample2.csv; sourceTree = "<group>"; };
		8A8B85831D78696A00317142 /* SwiftString.framework */ = {isa = PBXFileReference; lastKnownFileType = wrapper.framework; name = SwiftString.framework; path = Carthage/Build/iOS/SwiftString.framework; sourceTree = "<group>"; };
		8AA866DF1D77C7270088667B /* MelodySmartKit.framework */ = {isa = PBXFileReference; lastKnownFileType = wrapper.framework; name = MelodySmartKit.framework; path = Carthage/Build/iOS/MelodySmartKit.framework; sourceTree = "<group>"; };
		8AA866E21D77DF7B0088667B /* SwiftWebSocket.framework */ = {isa = PBXFileReference; lastKnownFileType = wrapper.framework; name = SwiftWebSocket.framework; path = Carthage/Build/iOS/SwiftWebSocket.framework; sourceTree = "<group>"; };
		8AA866E41D77E3340088667B /* Starscream.framework */ = {isa = PBXFileReference; lastKnownFileType = wrapper.framework; name = Starscream.framework; path = Carthage/Build/iOS/Starscream.framework; sourceTree = "<group>"; };
/* End PBXFileReference section */

/* Begin PBXFrameworksBuildPhase section */
		48739A641CDA2655009A68C6 /* Frameworks */ = {
			isa = PBXFrameworksBuildPhase;
			buildActionMask = 2147483647;
			files = (
				8AA866E01D77C7270088667B /* MelodySmartKit.framework in Frameworks */,
				8AA866E31D77DF7B0088667B /* SwiftWebSocket.framework in Frameworks */,
				8AA866E51D77E3350088667B /* Starscream.framework in Frameworks */,
				8A8B85841D78696A00317142 /* SwiftString.framework in Frameworks */,
				8A5097871D79105700F71831 /* Chronos.framework in Frameworks */,
				8A5097881D79105700F71831 /* SwiftCSV.framework in Frameworks */,
			);
			runOnlyForDeploymentPostprocessing = 0;
		};
		48739A7A1CDA2657009A68C6 /* Frameworks */ = {
			isa = PBXFrameworksBuildPhase;
			buildActionMask = 2147483647;
			files = (
			);
			runOnlyForDeploymentPostprocessing = 0;
		};
/* End PBXFrameworksBuildPhase section */

/* Begin PBXGroup section */
		1DE475A4170C9E0FB4C95A91 /* Frameworks */ = {
			isa = PBXGroup;
			children = (
				8A5097851D79105700F71831 /* Chronos.framework */,
				8A5097861D79105700F71831 /* SwiftCSV.framework */,
				8A5097831D79104600F71831 /* SwiftCSV.framework.dSYM */,
				8A5097811D79104300F71831 /* Chronos.framework.dSYM */,
				8A8B85831D78696A00317142 /* SwiftString.framework */,
				8AA866E41D77E3340088667B /* Starscream.framework */,
				8AA866E21D77DF7B0088667B /* SwiftWebSocket.framework */,
				8AA866DF1D77C7270088667B /* MelodySmartKit.framework */,
			);
			name = Frameworks;
			sourceTree = "<group>";
		};
		48739A5E1CDA2655009A68C6 = {
			isa = PBXGroup;
			children = (
				48739A691CDA2655009A68C6 /* MelodySmartKit Sample App */,
				48739A801CDA2657009A68C6 /* MelodySmartKit Sample AppTests */,
				48739A681CDA2655009A68C6 /* Products */,
				1DE475A4170C9E0FB4C95A91 /* Frameworks */,
			);
			sourceTree = "<group>";
		};
		48739A681CDA2655009A68C6 /* Products */ = {
			isa = PBXGroup;
			children = (
				48739A671CDA2655009A68C6 /* MelodySmartKit Sample App.app */,
				48739A7D1CDA2657009A68C6 /* MelodySmartKit Sample App.xctest */,
			);
			name = Products;
			sourceTree = "<group>";
		};
		48739A691CDA2655009A68C6 /* MelodySmartKit Sample App */ = {
			isa = PBXGroup;
			children = (
				8A5097891D79143400F71831 /* data */,
				48F364A01CE62E3000B5C560 /* MelodySmartListenerExtensions.swift */,
				48739A6A1CDA2655009A68C6 /* AppDelegate.swift */,
				48739A6C1CDA2656009A68C6 /* DeviceListController.swift */,
				48739A6E1CDA2656009A68C6 /* DeviceViewController.swift */,
				483FF6A31CDCECC4005B3F76 /* RemoteCommandsViewController.swift */,
				483FF6A01CDCECC4005B3F76 /* I2cCommandsViewController.swift */,
				483FF6A91CE21286005B3F76 /* OtauViewController.swift */,
				483FF6A81CE21286005B3F76 /* OtauImageSelectionTableViewController.swift */,
				48739A701CDA2656009A68C6 /* Main.storyboard */,
				48739A731CDA2656009A68C6 /* Assets.xcassets */,
				48739A751CDA2656009A68C6 /* LaunchScreen.storyboard */,
				48739A781CDA2656009A68C6 /* Info.plist */,
			);
			name = "MelodySmartKit Sample App";
			path = "MelodySmart2 Sample App";
			sourceTree = "<group>";
		};
		48739A801CDA2657009A68C6 /* MelodySmartKit Sample AppTests */ = {
			isa = PBXGroup;
			children = (
				48739A811CDA2657009A68C6 /* MelodySmartKit_Sample_AppTests.swift */,
				48739A831CDA2657009A68C6 /* Info.plist */,
			);
			name = "MelodySmartKit Sample AppTests";
			path = "MelodySmart2 Sample AppTests";
			sourceTree = "<group>";
		};
		8A5097891D79143400F71831 /* data */ = {
			isa = PBXGroup;
			children = (
				8A50978C1D797A9100F71831 /* sample2.csv */,
				8A50978A1D79143400F71831 /* sample.csv */,
			);
			path = data;
			sourceTree = "<group>";
		};
/* End PBXGroup section */

/* Begin PBXNativeTarget section */
		48739A661CDA2655009A68C6 /* MelodySmartKit Sample App */ = {
			isa = PBXNativeTarget;
			buildConfigurationList = 48739A861CDA2657009A68C6 /* Build configuration list for PBXNativeTarget "MelodySmartKit Sample App" */;
			buildPhases = (
				48739A631CDA2655009A68C6 /* Sources */,
				48739A641CDA2655009A68C6 /* Frameworks */,
				48739A651CDA2655009A68C6 /* Resources */,
				48739A981CDA2F07009A68C6 /* ShellScript */,
				8AA866E11D77C7780088667B /* Carthage */,
			);
			buildRules = (
			);
			dependencies = (
			);
			name = "MelodySmartKit Sample App";
			productName = "MelodySmart2 Sample App";
			productReference = 48739A671CDA2655009A68C6 /* MelodySmartKit Sample App.app */;
			productType = "com.apple.product-type.application";
		};
		48739A7C1CDA2657009A68C6 /* MelodySmartKit Sample AppTests */ = {
			isa = PBXNativeTarget;
			buildConfigurationList = 48739A891CDA2657009A68C6 /* Build configuration list for PBXNativeTarget "MelodySmartKit Sample AppTests" */;
			buildPhases = (
				48739A791CDA2657009A68C6 /* Sources */,
				48739A7A1CDA2657009A68C6 /* Frameworks */,
				48739A7B1CDA2657009A68C6 /* Resources */,
			);
			buildRules = (
			);
			dependencies = (
				48739A7F1CDA2657009A68C6 /* PBXTargetDependency */,
			);
			name = "MelodySmartKit Sample AppTests";
			productName = "MelodySmart2 Sample AppTests";
			productReference = 48739A7D1CDA2657009A68C6 /* MelodySmartKit Sample App.xctest */;
			productType = "com.apple.product-type.bundle.unit-test";
		};
/* End PBXNativeTarget section */

/* Begin PBXProject section */
		48739A5F1CDA2655009A68C6 /* Project object */ = {
			isa = PBXProject;
			attributes = {
				LastSwiftUpdateCheck = 0730;
				LastUpgradeCheck = 0730;
				ORGANIZATIONNAME = BlueCreation;
				TargetAttributes = {
					48739A661CDA2655009A68C6 = {
						CreatedOnToolsVersion = 7.3;
					};
					48739A7C1CDA2657009A68C6 = {
						CreatedOnToolsVersion = 7.3;
						TestTargetID = 48739A661CDA2655009A68C6;
					};
				};
			};
			buildConfigurationList = 48739A621CDA2655009A68C6 /* Build configuration list for PBXProject "MelodySmartKit Sample App" */;
			compatibilityVersion = "Xcode 3.2";
			developmentRegion = English;
			hasScannedForEncodings = 0;
			knownRegions = (
				en,
				Base,
			);
			mainGroup = 48739A5E1CDA2655009A68C6;
			productRefGroup = 48739A681CDA2655009A68C6 /* Products */;
			projectDirPath = "";
			projectRoot = "";
			targets = (
				48739A661CDA2655009A68C6 /* MelodySmartKit Sample App */,
				48739A7C1CDA2657009A68C6 /* MelodySmartKit Sample AppTests */,
			);
		};
/* End PBXProject section */

/* Begin PBXResourcesBuildPhase section */
		48739A651CDA2655009A68C6 /* Resources */ = {
			isa = PBXResourcesBuildPhase;
			buildActionMask = 2147483647;
			files = (
				48739A771CDA2656009A68C6 /* LaunchScreen.storyboard in Resources */,
				48739A741CDA2656009A68C6 /* Assets.xcassets in Resources */,
				8A50978B1D79143400F71831 /* sample.csv in Resources */,
				48739A721CDA2656009A68C6 /* Main.storyboard in Resources */,
				8A50978D1D797A9100F71831 /* sample2.csv in Resources */,
			);
			runOnlyForDeploymentPostprocessing = 0;
		};
		48739A7B1CDA2657009A68C6 /* Resources */ = {
			isa = PBXResourcesBuildPhase;
			buildActionMask = 2147483647;
			files = (
			);
			runOnlyForDeploymentPostprocessing = 0;
		};
/* End PBXResourcesBuildPhase section */

/* Begin PBXShellScriptBuildPhase section */
		48739A981CDA2F07009A68C6 /* ShellScript */ = {
			isa = PBXShellScriptBuildPhase;
			buildActionMask = 2147483647;
			files = (
			);
			inputPaths = (
				"$(SRCROOT)/Carthage/Build/iOS/MelodySmartKit.framework",
			);
			outputPaths = (
			);
			runOnlyForDeploymentPostprocessing = 0;
			shellPath = /bin/sh;
			shellScript = "/usr/local/bin/carthage copy-frameworks";
		};
		8AA866E11D77C7780088667B /* Carthage */ = {
			isa = PBXShellScriptBuildPhase;
			buildActionMask = 2147483647;
			files = (
			);
			inputPaths = (
				"$(SRCROOT)/Carthage/Build/iOS/SocketIO.framework",
				"$(SRCROOT)/Carthage/Build/iOS/SwiftWebSocket.framework",
				"$(SRCROOT)/Carthage/Build/iOS/Starscream.framework",
				"$(SRCROOT)/Carthage/Build/iOS/SwiftString.framework",
				"$(SRCROOT)/Carthage/Build/iOS/SwiftCSV.framework",
				"$(SRCROOT)/Carthage/Build/iOS/Chronos.framework",
			);
			name = Carthage;
			outputPaths = (
			);
			runOnlyForDeploymentPostprocessing = 0;
			shellPath = /bin/sh;
			shellScript = "/usr/local/bin/carthage copy-frameworks";
		};
/* End PBXShellScriptBuildPhase section */

/* Begin PBXSourcesBuildPhase section */
		48739A631CDA2655009A68C6 /* Sources */ = {
			isa = PBXSourcesBuildPhase;
			buildActionMask = 2147483647;
			files = (
				48739A6F1CDA2656009A68C6 /* DeviceViewController.swift in Sources */,
				48739A6D1CDA2656009A68C6 /* DeviceListController.swift in Sources */,
				48739A6B1CDA2655009A68C6 /* AppDelegate.swift in Sources */,
				483FF6A41CDCECC4005B3F76 /* I2cCommandsViewController.swift in Sources */,
				483FF6AB1CE21286005B3F76 /* OtauViewController.swift in Sources */,
				483FF6A71CDCECC4005B3F76 /* RemoteCommandsViewController.swift in Sources */,
				48F364A11CE62E3000B5C560 /* MelodySmartListenerExtensions.swift in Sources */,
				483FF6AA1CE21286005B3F76 /* OtauImageSelectionTableViewController.swift in Sources */,
			);
			runOnlyForDeploymentPostprocessing = 0;
		};
		48739A791CDA2657009A68C6 /* Sources */ = {
			isa = PBXSourcesBuildPhase;
			buildActionMask = 2147483647;
			files = (
				48739A821CDA2657009A68C6 /* MelodySmartKit_Sample_AppTests.swift in Sources */,
			);
			runOnlyForDeploymentPostprocessing = 0;
		};
/* End PBXSourcesBuildPhase section */

/* Begin PBXTargetDependency section */
		48739A7F1CDA2657009A68C6 /* PBXTargetDependency */ = {
			isa = PBXTargetDependency;
			target = 48739A661CDA2655009A68C6 /* MelodySmartKit Sample App */;
			targetProxy = 48739A7E1CDA2657009A68C6 /* PBXContainerItemProxy */;
		};
/* End PBXTargetDependency section */

/* Begin PBXVariantGroup section */
		48739A701CDA2656009A68C6 /* Main.storyboard */ = {
			isa = PBXVariantGroup;
			children = (
				48739A711CDA2656009A68C6 /* Base */,
			);
			name = Main.storyboard;
			sourceTree = "<group>";
		};
		48739A751CDA2656009A68C6 /* LaunchScreen.storyboard */ = {
			isa = PBXVariantGroup;
			children = (
				48739A761CDA2656009A68C6 /* Base */,
			);
			name = LaunchScreen.storyboard;
			sourceTree = "<group>";
		};
/* End PBXVariantGroup section */

/* Begin XCBuildConfiguration section */
		48739A841CDA2657009A68C6 /* Debug */ = {
			isa = XCBuildConfiguration;
			buildSettings = {
				ALWAYS_SEARCH_USER_PATHS = NO;
				CLANG_ANALYZER_NONNULL = YES;
				CLANG_CXX_LANGUAGE_STANDARD = "gnu++0x";
				CLANG_CXX_LIBRARY = "libc++";
				CLANG_ENABLE_MODULES = YES;
				CLANG_ENABLE_OBJC_ARC = YES;
				CLANG_WARN_BOOL_CONVERSION = YES;
				CLANG_WARN_CONSTANT_CONVERSION = YES;
				CLANG_WARN_DIRECT_OBJC_ISA_USAGE = YES_ERROR;
				CLANG_WARN_EMPTY_BODY = YES;
				CLANG_WARN_ENUM_CONVERSION = YES;
				CLANG_WARN_INT_CONVERSION = YES;
				CLANG_WARN_OBJC_ROOT_CLASS = YES_ERROR;
				CLANG_WARN_UNREACHABLE_CODE = YES;
				CLANG_WARN__DUPLICATE_METHOD_MATCH = YES;
				"CODE_SIGN_IDENTITY[sdk=iphoneos*]" = "iPhone Developer";
				COPY_PHASE_STRIP = NO;
				DEBUG_INFORMATION_FORMAT = dwarf;
				ENABLE_STRICT_OBJC_MSGSEND = YES;
				ENABLE_TESTABILITY = YES;
				GCC_C_LANGUAGE_STANDARD = gnu99;
				GCC_DYNAMIC_NO_PIC = NO;
				GCC_NO_COMMON_BLOCKS = YES;
				GCC_OPTIMIZATION_LEVEL = 0;
				GCC_PREPROCESSOR_DEFINITIONS = (
					"DEBUG=1",
					"$(inherited)",
				);
				GCC_WARN_64_TO_32_BIT_CONVERSION = YES;
				GCC_WARN_ABOUT_RETURN_TYPE = YES_ERROR;
				GCC_WARN_UNDECLARED_SELECTOR = YES;
				GCC_WARN_UNINITIALIZED_AUTOS = YES_AGGRESSIVE;
				GCC_WARN_UNUSED_FUNCTION = YES;
				GCC_WARN_UNUSED_VARIABLE = YES;
				IPHONEOS_DEPLOYMENT_TARGET = 9.3;
				MTL_ENABLE_DEBUG_INFO = YES;
				ONLY_ACTIVE_ARCH = YES;
				SDKROOT = iphoneos;
				SWIFT_OPTIMIZATION_LEVEL = "-Onone";
			};
			name = Debug;
		};
		48739A851CDA2657009A68C6 /* Release */ = {
			isa = XCBuildConfiguration;
			buildSettings = {
				ALWAYS_SEARCH_USER_PATHS = NO;
				CLANG_ANALYZER_NONNULL = YES;
				CLANG_CXX_LANGUAGE_STANDARD = "gnu++0x";
				CLANG_CXX_LIBRARY = "libc++";
				CLANG_ENABLE_MODULES = YES;
				CLANG_ENABLE_OBJC_ARC = YES;
				CLANG_WARN_BOOL_CONVERSION = YES;
				CLANG_WARN_CONSTANT_CONVERSION = YES;
				CLANG_WARN_DIRECT_OBJC_ISA_USAGE = YES_ERROR;
				CLANG_WARN_EMPTY_BODY = YES;
				CLANG_WARN_ENUM_CONVERSION = YES;
				CLANG_WARN_INT_CONVERSION = YES;
				CLANG_WARN_OBJC_ROOT_CLASS = YES_ERROR;
				CLANG_WARN_UNREACHABLE_CODE = YES;
				CLANG_WARN__DUPLICATE_METHOD_MATCH = YES;
				"CODE_SIGN_IDENTITY[sdk=iphoneos*]" = "iPhone Developer";
				COPY_PHASE_STRIP = NO;
				DEBUG_INFORMATION_FORMAT = "dwarf-with-dsym";
				ENABLE_NS_ASSERTIONS = NO;
				ENABLE_STRICT_OBJC_MSGSEND = YES;
				GCC_C_LANGUAGE_STANDARD = gnu99;
				GCC_NO_COMMON_BLOCKS = YES;
				GCC_WARN_64_TO_32_BIT_CONVERSION = YES;
				GCC_WARN_ABOUT_RETURN_TYPE = YES_ERROR;
				GCC_WARN_UNDECLARED_SELECTOR = YES;
				GCC_WARN_UNINITIALIZED_AUTOS = YES_AGGRESSIVE;
				GCC_WARN_UNUSED_FUNCTION = YES;
				GCC_WARN_UNUSED_VARIABLE = YES;
				IPHONEOS_DEPLOYMENT_TARGET = 9.3;
				MTL_ENABLE_DEBUG_INFO = NO;
				SDKROOT = iphoneos;
				VALIDATE_PRODUCT = YES;
			};
			name = Release;
		};
		48739A871CDA2657009A68C6 /* Debug */ = {
			isa = XCBuildConfiguration;
			buildSettings = {
				ASSETCATALOG_COMPILER_APPICON_NAME = AppIcon;
				FRAMEWORK_SEARCH_PATHS = (
					"$(inherited)",
					"$(PROJECT_DIR)",
					"$(PROJECT_DIR)/Carthage/Build/iOS",
				);
				INFOPLIST_FILE = "MelodySmart2 Sample App/Info.plist";
				IPHONEOS_DEPLOYMENT_TARGET = 9.2;
				LD_RUNPATH_SEARCH_PATHS = "$(inherited) @executable_path/Frameworks";
				PRODUCT_BUNDLE_IDENTIFIER = "com.bluecreation.MelodySmart2-Sample-App";
				PRODUCT_NAME = "MelodySmartKit Sample App";
			};
			name = Debug;
		};
		48739A881CDA2657009A68C6 /* Release */ = {
			isa = XCBuildConfiguration;
			buildSettings = {
				ASSETCATALOG_COMPILER_APPICON_NAME = AppIcon;
				FRAMEWORK_SEARCH_PATHS = (
					"$(inherited)",
					"$(PROJECT_DIR)",
					"$(PROJECT_DIR)/Carthage/Build/iOS",
				);
				INFOPLIST_FILE = "MelodySmart2 Sample App/Info.plist";
				IPHONEOS_DEPLOYMENT_TARGET = 9.2;
				LD_RUNPATH_SEARCH_PATHS = "$(inherited) @executable_path/Frameworks";
				PRODUCT_BUNDLE_IDENTIFIER = "com.bluecreation.MelodySmart2-Sample-App";
				PRODUCT_NAME = "MelodySmartKit Sample App";
			};
			name = Release;
		};
		48739A8A1CDA2657009A68C6 /* Debug */ = {
			isa = XCBuildConfiguration;
			buildSettings = {
				BUNDLE_LOADER = "$(TEST_HOST)";
				INFOPLIST_FILE = "MelodySmart2 Sample AppTests/Info.plist";
				LD_RUNPATH_SEARCH_PATHS = "$(inherited) @executable_path/Frameworks @loader_path/Frameworks";
				PRODUCT_BUNDLE_IDENTIFIER = "com.bluecreation.MelodySmart2-Sample-AppTests";
				PRODUCT_NAME = "MelodySmartKit Sample App";
				TEST_HOST = "$(BUILT_PRODUCTS_DIR)/MelodySmartKit Sample App.app/MelodySmartKit Sample App";
			};
			name = Debug;
		};
		48739A8B1CDA2657009A68C6 /* Release */ = {
			isa = XCBuildConfiguration;
			buildSettings = {
				BUNDLE_LOADER = "$(TEST_HOST)";
				INFOPLIST_FILE = "MelodySmart2 Sample AppTests/Info.plist";
				LD_RUNPATH_SEARCH_PATHS = "$(inherited) @executable_path/Frameworks @loader_path/Frameworks";
				PRODUCT_BUNDLE_IDENTIFIER = "com.bluecreation.MelodySmart2-Sample-AppTests";
				PRODUCT_NAME = "MelodySmartKit Sample App";
				TEST_HOST = "$(BUILT_PRODUCTS_DIR)/MelodySmartKit Sample App.app/MelodySmartKit Sample App";
			};
			name = Release;
		};
/* End XCBuildConfiguration section */

/* Begin XCConfigurationList section */
		48739A621CDA2655009A68C6 /* Build configuration list for PBXProject "MelodySmartKit Sample App" */ = {
			isa = XCConfigurationList;
			buildConfigurations = (
				48739A841CDA2657009A68C6 /* Debug */,
				48739A851CDA2657009A68C6 /* Release */,
			);
			defaultConfigurationIsVisible = 0;
			defaultConfigurationName = Release;
		};
		48739A861CDA2657009A68C6 /* Build configuration list for PBXNativeTarget "MelodySmartKit Sample App" */ = {
			isa = XCConfigurationList;
			buildConfigurations = (
				48739A871CDA2657009A68C6 /* Debug */,
				48739A881CDA2657009A68C6 /* Release */,
			);
			defaultConfigurationIsVisible = 0;
			defaultConfigurationName = Release;
		};
		48739A891CDA2657009A68C6 /* Build configuration list for PBXNativeTarget "MelodySmartKit Sample AppTests" */ = {
			isa = XCConfigurationList;
			buildConfigurations = (
				48739A8A1CDA2657009A68C6 /* Debug */,
				48739A8B1CDA2657009A68C6 /* Release */,
			);
			defaultConfigurationIsVisible = 0;
			defaultConfigurationName = Release;
		};
/* End XCConfigurationList section */
	};
	rootObject = 48739A5F1CDA2655009A68C6 /* Project object */;
}
